
Microsoft Visual Studio Solution File, Format Version 12.00
# Visual Studio Version 17
VisualStudioVersion = 17.0.31903.59
MinimumVisualStudioVersion = 10.0.40219.1
Project("{2150E333-8FDC-42A3-9474-1A3956D46DE8}") = "src", "src", "{827E0CD3-B72D-47B6-A68D-7590B98EB39B}"
EndProject
Project("{FAE04EC0-301F-11D3-BF4B-00C04F79EFBC}") = "PromoEngine.Domain", "src\PromoEngine.Domain\PromoEngine.Domain.csproj", "{5466185D-1256-486C-A4E6-EE479263E449}"
EndProject
Project("{FAE04EC0-301F-11D3-BF4B-00C04F79EFBC}") = "PromoEngine.Application", "src\PromoEngine.Application\PromoEngine.Application.csproj", "{6D530088-51A2-4BC2-B1BF-D0192A6F0246}"
EndProject
Project("{FAE04EC0-301F-11D3-BF4B-00C04F79EFBC}") = "PromoEngine.Infrastructure", "src\PromoEngine.Infrastructure\PromoEngine.Infrastructure.csproj", "{133ED3FD-ABF3-41A4-9D5A-E782BD59C824}"
EndProject
Project("{FAE04EC0-301F-11D3-BF4B-00C04F79EFBC}") = "PromoEngine.Api", "src\PromoEngine.Api\PromoEngine.Api.csproj", "{240B333D-04F9-4CC9-924D-F81C13784251}"
EndProject
Project("{2150E333-8FDC-42A3-9474-1A3956D46DE8}") = "tests", "tests", "{0AB3BF05-4346-4AA6-1389-037BE0695223}"
EndProject
Project("{FAE04EC0-301F-11D3-BF4B-00C04F79EFBC}") = "PromoEngine.Domain.UnitTests", "tests\PromoEngine.Domain.UnitTests\PromoEngine.Domain.UnitTests.csproj", "{EB8E67E0-2DE4-4AC9-BE3B-12BB7760569C}"
EndProject
Project("{FAE04EC0-301F-11D3-BF4B-00C04F79EFBC}") = "PromoEngine.Application.UnitTests", "tests\PromoEngine.Application.UnitTests\PromoEngine.Application.UnitTests.csproj", "{D02130AF-6D5B-4541-80EB-C5F2B4FB794B}"
EndProject
Project("{FAE04EC0-301F-11D3-BF4B-00C04F79EFBC}") = "PromoEngine.IntegrationTests", "tests\PromoEngine.IntegrationTests\PromoEngine.IntegrationTests.csproj", "{A702A417-8640-41F7-860E-F72288CD87A5}"
EndProject
Global
	GlobalSection(SolutionConfigurationPlatforms) = preSolution
		Debug|Any CPU = Debug|Any CPU
		Debug|x64 = Debug|x64
		Debug|x86 = Debug|x86
		Release|Any CPU = Release|Any CPU
		Release|x64 = Release|x64
		Release|x86 = Release|x86
	EndGlobalSection
	GlobalSection(ProjectConfigurationPlatforms) = postSolution
		{5466185D-1256-486C-A4E6-EE479263E449}.Debug|Any CPU.ActiveCfg = Debug|Any CPU
		{5466185D-1256-486C-A4E6-EE479263E449}.Debug|Any CPU.Build.0 = Debug|Any CPU
		{5466185D-1256-486C-A4E6-EE479263E449}.Debug|x64.ActiveCfg = Debug|Any CPU
		{5466185D-1256-486C-A4E6-EE479263E449}.Debug|x64.Build.0 = Debug|Any CPU
		{5466185D-1256-486C-A4E6-EE479263E449}.Debug|x86.ActiveCfg = Debug|Any CPU
		{5466185D-1256-486C-A4E6-EE479263E449}.Debug|x86.Build.0 = Debug|Any CPU
		{5466185D-1256-486C-A4E6-EE479263E449}.Release|Any CPU.ActiveCfg = Release|Any CPU
		{5466185D-1256-486C-A4E6-EE479263E449}.Release|Any CPU.Build.0 = Release|Any CPU
		{5466185D-1256-486C-A4E6-EE479263E449}.Release|x64.ActiveCfg = Release|Any CPU
		{5466185D-1256-486C-A4E6-EE479263E449}.Release|x64.Build.0 = Release|Any CPU
		{5466185D-1256-486C-A4E6-EE479263E449}.Release|x86.ActiveCfg = Release|Any CPU
		{5466185D-1256-486C-A4E6-EE479263E449}.Release|x86.Build.0 = Release|Any CPU
		{6D530088-51A2-4BC2-B1BF-D0192A6F0246}.Debug|Any CPU.ActiveCfg = Debug|Any CPU
		{6D530088-51A2-4BC2-B1BF-D0192A6F0246}.Debug|Any CPU.Build.0 = Debug|Any CPU
		{6D530088-51A2-4BC2-B1BF-D0192A6F0246}.Debug|x64.ActiveCfg = Debug|Any CPU
		{6D530088-51A2-4BC2-B1BF-D0192A6F0246}.Debug|x64.Build.0 = Debug|Any CPU
		{6D530088-51A2-4BC2-B1BF-D0192A6F0246}.Debug|x86.ActiveCfg = Debug|Any CPU
		{6D530088-51A2-4BC2-B1BF-D0192A6F0246}.Debug|x86.Build.0 = Debug|Any CPU
		{6D530088-51A2-4BC2-B1BF-D0192A6F0246}.Release|Any CPU.ActiveCfg = Release|Any CPU
		{6D530088-51A2-4BC2-B1BF-D0192A6F0246}.Release|Any CPU.Build.0 = Release|Any CPU
		{6D530088-51A2-4BC2-B1BF-D0192A6F0246}.Release|x64.ActiveCfg = Release|Any CPU
		{6D530088-51A2-4BC2-B1BF-D0192A6F0246}.Release|x64.Build.0 = Release|Any CPU
		{6D530088-51A2-4BC2-B1BF-D0192A6F0246}.Release|x86.ActiveCfg = Release|Any CPU
		{6D530088-51A2-4BC2-B1BF-D0192A6F0246}.Release|x86.Build.0 = Release|Any CPU
		{133ED3FD-ABF3-41A4-9D5A-E782BD59C824}.Debug|Any CPU.ActiveCfg = Debug|Any CPU
		{133ED3FD-ABF3-41A4-9D5A-E782BD59C824}.Debug|Any CPU.Build.0 = Debug|Any CPU
		{133ED3FD-ABF3-41A4-9D5A-E782BD59C824}.Debug|x64.ActiveCfg = Debug|Any CPU
		{133ED3FD-ABF3-41A4-9D5A-E782BD59C824}.Debug|x64.Build.0 = Debug|Any CPU
		{133ED3FD-ABF3-41A4-9D5A-E782BD59C824}.Debug|x86.ActiveCfg = Debug|Any CPU
		{133ED3FD-ABF3-41A4-9D5A-E782BD59C824}.Debug|x86.Build.0 = Debug|Any CPU
		{133ED3FD-ABF3-41A4-9D5A-E782BD59C824}.Release|Any CPU.ActiveCfg = Release|Any CPU
		{133ED3FD-ABF3-41A4-9D5A-E782BD59C824}.Release|Any CPU.Build.0 = Release|Any CPU
		{133ED3FD-ABF3-41A4-9D5A-E782BD59C824}.Release|x64.ActiveCfg = Release|Any CPU
		{133ED3FD-ABF3-41A4-9D5A-E782BD59C824}.Release|x64.Build.0 = Release|Any CPU
		{133ED3FD-ABF3-41A4-9D5A-E782BD59C824}.Release|x86.ActiveCfg = Release|Any CPU
		{133ED3FD-ABF3-41A4-9D5A-E782BD59C824}.Release|x86.Build.0 = Release|Any CPU
		{240B333D-04F9-4CC9-924D-F81C13784251}.Debug|Any CPU.ActiveCfg = Debug|Any CPU
		{240B333D-04F9-4CC9-924D-F81C13784251}.Debug|Any CPU.Build.0 = Debug|Any CPU
		{240B333D-04F9-4CC9-924D-F81C13784251}.Debug|x64.ActiveCfg = Debug|Any CPU
		{240B333D-04F9-4CC9-924D-F81C13784251}.Debug|x64.Build.0 = Debug|Any CPU
		{240B333D-04F9-4CC9-924D-F81C13784251}.Debug|x86.ActiveCfg = Debug|Any CPU
		{240B333D-04F9-4CC9-924D-F81C13784251}.Debug|x86.Build.0 = Debug|Any CPU
		{240B333D-04F9-4CC9-924D-F81C13784251}.Release|Any CPU.ActiveCfg = Release|Any CPU
		{240B333D-04F9-4CC9-924D-F81C13784251}.Release|Any CPU.Build.0 = Release|Any CPU
		{240B333D-04F9-4CC9-924D-F81C13784251}.Release|x64.ActiveCfg = Release|Any CPU
		{240B333D-04F9-4CC9-924D-F81C13784251}.Release|x64.Build.0 = Release|Any CPU
		{240B333D-04F9-4CC9-924D-F81C13784251}.Release|x86.ActiveCfg = Release|Any CPU
		{240B333D-04F9-4CC9-924D-F81C13784251}.Release|x86.Build.0 = Release|Any CPU
		{EB8E67E0-2DE4-4AC9-BE3B-12BB7760569C}.Debug|Any CPU.ActiveCfg = Debug|Any CPU
		{EB8E67E0-2DE4-4AC9-BE3B-12BB7760569C}.Debug|Any CPU.Build.0 = Debug|Any CPU
		{EB8E67E0-2DE4-4AC9-BE3B-12BB7760569C}.Debug|x64.ActiveCfg = Debug|Any CPU
		{EB8E67E0-2DE4-4AC9-BE3B-12BB7760569C}.Debug|x64.Build.0 = Debug|Any CPU
		{EB8E67E0-2DE4-4AC9-BE3B-12BB7760569C}.Debug|x86.ActiveCfg = Debug|Any CPU
		{EB8E67E0-2DE4-4AC9-BE3B-12BB7760569C}.Debug|x86.Build.0 = Debug|Any CPU
		{EB8E67E0-2DE4-4AC9-BE3B-12BB7760569C}.Release|Any CPU.ActiveCfg = Release|Any CPU
		{EB8E67E0-2DE4-4AC9-BE3B-12BB7760569C}.Release|Any CPU.Build.0 = Release|Any CPU
		{EB8E67E0-2DE4-4AC9-BE3B-12BB7760569C}.Release|x64.ActiveCfg = Release|Any CPU
		{EB8E67E0-2DE4-4AC9-BE3B-12BB7760569C}.Release|x64.Build.0 = Release|Any CPU
		{EB8E67E0-2DE4-4AC9-BE3B-12BB7760569C}.Release|x86.ActiveCfg = Release|Any CPU
		{EB8E67E0-2DE4-4AC9-BE3B-12BB7760569C}.Release|x86.Build.0 = Release|Any CPU
		{D02130AF-6D5B-4541-80EB-C5F2B4FB794B}.Debug|Any CPU.ActiveCfg = Debug|Any CPU
		{D02130AF-6D5B-4541-80EB-C5F2B4FB794B}.Debug|Any CPU.Build.0 = Debug|Any CPU
		{D02130AF-6D5B-4541-80EB-C5F2B4FB794B}.Debug|x64.ActiveCfg = Debug|Any CPU
		{D02130AF-6D5B-4541-80EB-C5F2B4FB794B}.Debug|x64.Build.0 = Debug|Any CPU
		{D02130AF-6D5B-4541-80EB-C5F2B4FB794B}.Debug|x86.ActiveCfg = Debug|Any CPU
		{D02130AF-6D5B-4541-80EB-C5F2B4FB794B}.Debug|x86.Build.0 = Debug|Any CPU
		{D02130AF-6D5B-4541-80EB-C5F2B4FB794B}.Release|Any CPU.ActiveCfg = Release|Any CPU
		{D02130AF-6D5B-4541-80EB-C5F2B4FB794B}.Release|Any CPU.Build.0 = Release|Any CPU
		{D02130AF-6D5B-4541-80EB-C5F2B4FB794B}.Release|x64.ActiveCfg = Release|Any CPU
		{D02130AF-6D5B-4541-80EB-C5F2B4FB794B}.Release|x64.Build.0 = Release|Any CPU
		{D02130AF-6D5B-4541-80EB-C5F2B4FB794B}.Release|x86.ActiveCfg = Release|Any CPU
		{D02130AF-6D5B-4541-80EB-C5F2B4FB794B}.Release|x86.Build.0 = Release|Any CPU
		{A702A417-8640-41F7-860E-F72288CD87A5}.Debug|Any CPU.ActiveCfg = Debug|Any CPU
		{A702A417-8640-41F7-860E-F72288CD87A5}.Debug|Any CPU.Build.0 = Debug|Any CPU
		{A702A417-8640-41F7-860E-F72288CD87A5}.Debug|x64.ActiveCfg = Debug|Any CPU
		{A702A417-8640-41F7-860E-F72288CD87A5}.Debug|x64.Build.0 = Debug|Any CPU
		{A702A417-8640-41F7-860E-F72288CD87A5}.Debug|x86.ActiveCfg = Debug|Any CPU
		{A702A417-8640-41F7-860E-F72288CD87A5}.Debug|x86.Build.0 = Debug|Any CPU
		{A702A417-8640-41F7-860E-F72288CD87A5}.Release|Any CPU.ActiveCfg = Release|Any CPU
		{A702A417-8640-41F7-860E-F72288CD87A5}.Release|Any CPU.Build.0 = Release|Any CPU
		{A702A417-8640-41F7-860E-F72288CD87A5}.Release|x64.ActiveCfg = Release|Any CPU
		{A702A417-8640-41F7-860E-F72288CD87A5}.Release|x64.Build.0 = Release|Any CPU
		{A702A417-8640-41F7-860E-F72288CD87A5}.Release|x86.ActiveCfg = Release|Any CPU
		{A702A417-8640-41F7-860E-F72288CD87A5}.Release|x86.Build.0 = Release|Any CPU
	EndGlobalSection
	GlobalSection(SolutionProperties) = preSolution
		HideSolutionNode = FALSE
	EndGlobalSection
	GlobalSection(NestedProjects) = preSolution
		{5466185D-1256-486C-A4E6-EE479263E449} = {827E0CD3-B72D-47B6-A68D-7590B98EB39B}
		{6D530088-51A2-4BC2-B1BF-D0192A6F0246} = {827E0CD3-B72D-47B6-A68D-7590B98EB39B}
		{133ED3FD-ABF3-41A4-9D5A-E782BD59C824} = {827E0CD3-B72D-47B6-A68D-7590B98EB39B}
		{240B333D-04F9-4CC9-924D-F81C13784251} = {827E0CD3-B72D-47B6-A68D-7590B98EB39B}
		{EB8E67E0-2DE4-4AC9-BE3B-12BB7760569C} = {0AB3BF05-4346-4AA6-1389-037BE0695223}
		{D02130AF-6D5B-4541-80EB-C5F2B4FB794B} = {0AB3BF05-4346-4AA6-1389-037BE0695223}
		{A702A417-8640-41F7-860E-F72288CD87A5} = {0AB3BF05-4346-4AA6-1389-037BE0695223}
	EndGlobalSection
EndGlobal
